# This file is autogenerated, do not edit; changes may be undone by the next 'dep ensure'.


[[projects]]
  branch = "master"
  name = "github.com/robertkowalski/graylog-golang"
  packages = ["."]
  revision = "e5295cfa28272ada50cb9b5d97696ee06e49ed42"

[solve-meta]
  analyzer-name = "dep"
  analyzer-version = 1
  inputs-digest = "637d436006c28dc2b88fbb5b06c0a209c28d2d1f37736aee11b1c4b92b143e5d"
  solver-name = "gps-cdcl"
  solver-version = 1
